
Microsoft Visual Studio Solution File, Format Version 12.00
# Visual Studio Version 17
VisualStudioVersion = 17.1.32210.238
MinimumVisualStudioVersion = 10.0.40219.1
Project("{9A19103F-16F7-4668-BE54-9A1E7A4F7556}") = "CCCamScraper", "CCCamScraper\CCCamScraper.csproj", "{D706533C-6743-4650-8606-8B960F1071D9}"
EndProject
Project("{2150E333-8FDC-42A3-9474-1A3956D46DE8}") = "Solution Files", "Solution Files", "{57E8DBCD-2437-4D8B-A978-9B063F34DAAE}"
	ProjectSection(SolutionItems) = preProject
		.dockerignore = .dockerignore
		.gitignore = .gitignore
		db.bat = db.bat
		Dockerfile = Dockerfile
		README.md = README.md
	EndProjectSection
EndProject
Project("{9A19103F-16F7-4668-BE54-9A1E7A4F7556}") = "CCCamScraper.Models", "CCCamScraper.Models\CCCamScraper.Models.csproj", "{FA620067-2CB8-45BF-9EB5-6EA51E8D0380}"
EndProject
Global
	GlobalSection(SolutionConfigurationPlatforms) = preSolution
		Debug|Any CPU = Debug|Any CPU
		Debug|ARM32 = Debug|ARM32
		Debug|ARM64 = Debug|ARM64
		Release|Any CPU = Release|Any CPU
		Release|ARM32 = Release|ARM32
		Release|ARM64 = Release|ARM64
	EndGlobalSection
	GlobalSection(ProjectConfigurationPlatforms) = postSolution
		{D706533C-6743-4650-8606-8B960F1071D9}.Debug|Any CPU.ActiveCfg = Debug|Any CPU
		{D706533C-6743-4650-8606-8B960F1071D9}.Debug|Any CPU.Build.0 = Debug|Any CPU
		{D706533C-6743-4650-8606-8B960F1071D9}.Debug|ARM32.ActiveCfg = Debug|ARM32
		{D706533C-6743-4650-8606-8B960F1071D9}.Debug|ARM32.Build.0 = Debug|ARM32
		{D706533C-6743-4650-8606-8B960F1071D9}.Debug|ARM64.ActiveCfg = Debug|Any CPU
		{D706533C-6743-4650-8606-8B960F1071D9}.Debug|ARM64.Build.0 = Debug|Any CPU
		{D706533C-6743-4650-8606-8B960F1071D9}.Release|Any CPU.ActiveCfg = Release|Any CPU
		{D706533C-6743-4650-8606-8B960F1071D9}.Release|Any CPU.Build.0 = Release|Any CPU
		{D706533C-6743-4650-8606-8B960F1071D9}.Release|ARM32.ActiveCfg = Release|ARM32
		{D706533C-6743-4650-8606-8B960F1071D9}.Release|ARM32.Build.0 = Release|ARM32
		{D706533C-6743-4650-8606-8B960F1071D9}.Release|ARM64.ActiveCfg = Release|Any CPU
		{D706533C-6743-4650-8606-8B960F1071D9}.Release|ARM64.Build.0 = Release|Any CPU
		{FA620067-2CB8-45BF-9EB5-6EA51E8D0380}.Debug|Any CPU.ActiveCfg = Debug|Any CPU
		{FA620067-2CB8-45BF-9EB5-6EA51E8D0380}.Debug|Any CPU.Build.0 = Debug|Any CPU
		{FA620067-2CB8-45BF-9EB5-6EA51E8D0380}.Debug|ARM32.ActiveCfg = Debug|Any CPU
		{FA620067-2CB8-45BF-9EB5-6EA51E8D0380}.Debug|ARM32.Build.0 = Debug|Any CPU
		{FA620067-2CB8-45BF-9EB5-6EA51E8D0380}.Debug|ARM64.ActiveCfg = Debug|Any CPU
		{FA620067-2CB8-45BF-9EB5-6EA51E8D0380}.Debug|ARM64.Build.0 = Debug|Any CPU
		{FA620067-2CB8-45BF-9EB5-6EA51E8D0380}.Release|Any CPU.ActiveCfg = Release|Any CPU
		{FA620067-2CB8-45BF-9EB5-6EA51E8D0380}.Release|Any CPU.Build.0 = Release|Any CPU
		{FA620067-2CB8-45BF-9EB5-6EA51E8D0380}.Release|ARM32.ActiveCfg = Release|Any CPU
		{FA620067-2CB8-45BF-9EB5-6EA51E8D0380}.Release|ARM32.Build.0 = Release|Any CPU
		{FA620067-2CB8-45BF-9EB5-6EA51E8D0380}.Release|ARM64.ActiveCfg = Release|Any CPU
		{FA620067-2CB8-45BF-9EB5-6EA51E8D0380}.Release|ARM64.Build.0 = Release|Any CPU
	EndGlobalSection
	GlobalSection(SolutionProperties) = preSolution
		HideSolutionNode = FALSE
	EndGlobalSection
	GlobalSection(ExtensibilityGlobals) = postSolution
		SolutionGuid = {03AAE95C-F6E4-4DFB-AAB9-D2AE70FF1888}
	EndGlobalSection
EndGlobal
